
Microsoft Visual Studio Solution File, Format Version 12.00
# Visual Studio Version 17
VisualStudioVersion = 17.7.34202.233
MinimumVisualStudioVersion = 10.0.40219.1
Project("{9A19103F-16F7-4668-BE54-9A1E7A4F7556}") = "BlazorSqlite", "BlazorSqlite\BlazorSqlite.csproj", "{72F78B6E-9C48-425B-83C7-C461640708B5}"
EndProject
Project("{FAE04EC0-301F-11D3-BF4B-00C04F79EFBC}") = "SqliteDAL", "SqliteDAL\SqliteDAL.csproj", "{F705EE9F-9CE7-412F-8843-4F655D1E9267}"
EndProject
Project("{FAE04EC0-301F-11D3-BF4B-00C04F79EFBC}") = "SqliteMigrationAPI", "SqliteMigrationAPI\SqliteMigrationAPI.csproj", "{D38D7BE0-5E79-468F-9B9E-F85D4EBE559B}"
EndProject
Global
	GlobalSection(SolutionConfigurationPlatforms) = preSolution
		Debug|Any CPU = Debug|Any CPU
		Release|Any CPU = Release|Any CPU
	EndGlobalSection
	GlobalSection(ProjectConfigurationPlatforms) = postSolution
		{72F78B6E-9C48-425B-83C7-C461640708B5}.Debug|Any CPU.ActiveCfg = Debug|Any CPU
		{72F78B6E-9C48-425B-83C7-C461640708B5}.Debug|Any CPU.Build.0 = Debug|Any CPU
		{72F78B6E-9C48-425B-83C7-C461640708B5}.Release|Any CPU.ActiveCfg = Release|Any CPU
		{72F78B6E-9C48-425B-83C7-C461640708B5}.Release|Any CPU.Build.0 = Release|Any CPU
		{F705EE9F-9CE7-412F-8843-4F655D1E9267}.Debug|Any CPU.ActiveCfg = Debug|Any CPU
		{F705EE9F-9CE7-412F-8843-4F655D1E9267}.Debug|Any CPU.Build.0 = Debug|Any CPU
		{F705EE9F-9CE7-412F-8843-4F655D1E9267}.Release|Any CPU.ActiveCfg = Release|Any CPU
		{F705EE9F-9CE7-412F-8843-4F655D1E9267}.Release|Any CPU.Build.0 = Release|Any CPU
		{D38D7BE0-5E79-468F-9B9E-F85D4EBE559B}.Debug|Any CPU.ActiveCfg = Debug|Any CPU
		{D38D7BE0-5E79-468F-9B9E-F85D4EBE559B}.Debug|Any CPU.Build.0 = Debug|Any CPU
		{D38D7BE0-5E79-468F-9B9E-F85D4EBE559B}.Release|Any CPU.ActiveCfg = Release|Any CPU
		{D38D7BE0-5E79-468F-9B9E-F85D4EBE559B}.Release|Any CPU.Build.0 = Release|Any CPU
	EndGlobalSection
	GlobalSection(SolutionProperties) = preSolution
		HideSolutionNode = FALSE
	EndGlobalSection
	GlobalSection(ExtensibilityGlobals) = postSolution
		SolutionGuid = {BB482425-7B14-4F09-B192-68A2552B584A}
	EndGlobalSection
EndGlobal
